
Microsoft Visual Studio Solution File, Format Version 12.00
# Visual Studio Version 17
VisualStudioVersion = 17.4.33205.214
MinimumVisualStudioVersion = 10.0.40219.1
Project("{FAE04EC0-301F-11D3-BF4B-00C04F79EFBC}") = "TerificationTeacherApp", "TerificationTeacherApp.csproj", "{8472D189-3C8A-4CB4-BFC7-7951F528C96E}"
EndProject
Project("{FAE04EC0-301F-11D3-BF4B-00C04F79EFBC}") = "ModelSQLBussinessLogic", "..\ModelSQLBussinessLogic\ModelSQLBussinessLogic.csproj", "{7E61D8DC-E4B1-448D-96B1-39FEE013A095}"
EndProject
Global
	GlobalSection(SolutionConfigurationPlatforms) = preSolution
		Debug|Any CPU = Debug|Any CPU
		Release|Any CPU = Release|Any CPU
	EndGlobalSection
	GlobalSection(ProjectConfigurationPlatforms) = postSolution
		{8472D189-3C8A-4CB4-BFC7-7951F528C96E}.Debug|Any CPU.ActiveCfg = Debug|Any CPU
		{8472D189-3C8A-4CB4-BFC7-7951F528C96E}.Debug|Any CPU.Build.0 = Debug|Any CPU
		{8472D189-3C8A-4CB4-BFC7-7951F528C96E}.Release|Any CPU.ActiveCfg = Release|Any CPU
		{8472D189-3C8A-4CB4-BFC7-7951F528C96E}.Release|Any CPU.Build.0 = Release|Any CPU
		{7E61D8DC-E4B1-448D-96B1-39FEE013A095}.Debug|Any CPU.ActiveCfg = Debug|Any CPU
		{7E61D8DC-E4B1-448D-96B1-39FEE013A095}.Debug|Any CPU.Build.0 = Debug|Any CPU
		{7E61D8DC-E4B1-448D-96B1-39FEE013A095}.Release|Any CPU.ActiveCfg = Release|Any CPU
		{7E61D8DC-E4B1-448D-96B1-39FEE013A095}.Release|Any CPU.Build.0 = Release|Any CPU
	EndGlobalSection
	GlobalSection(SolutionProperties) = preSolution
		HideSolutionNode = FALSE
	EndGlobalSection
	GlobalSection(ExtensibilityGlobals) = postSolution
		SolutionGuid = {7EB18655-BB66-4199-A4D2-9330C8F37C8E}
	EndGlobalSection
EndGlobal
